
Microsoft Visual Studio Solution File, Format Version 12.00
# Visual Studio Version 17
VisualStudioVersion = 17.11.35327.3
MinimumVisualStudioVersion = 10.0.40219.1
Project("{FAE04EC0-301F-11D3-BF4B-00C04F79EFBC}") = "HelloWorld", "HelloWorld.csproj", "{F73656DF-85C8-4F82-A8C4-B15CFD75C08F}"
EndProject
Global
	GlobalSection(SolutionConfigurationPlatforms) = preSolution
		Debug|Any CPU = Debug|Any CPU
		Release|Any CPU = Release|Any CPU
	EndGlobalSection
	GlobalSection(ProjectConfigurationPlatforms) = postSolution
		{F73656DF-85C8-4F82-A8C4-B15CFD75C08F}.Debug|Any CPU.ActiveCfg = Debug|Any CPU
		{F73656DF-85C8-4F82-A8C4-B15CFD75C08F}.Debug|Any CPU.Build.0 = Debug|Any CPU
		{F73656DF-85C8-4F82-A8C4-B15CFD75C08F}.Release|Any CPU.ActiveCfg = Release|Any CPU
		{F73656DF-85C8-4F82-A8C4-B15CFD75C08F}.Release|Any CPU.Build.0 = Release|Any CPU
	EndGlobalSection
	GlobalSection(SolutionProperties) = preSolution
		HideSolutionNode = FALSE
	EndGlobalSection
	GlobalSection(ExtensibilityGlobals) = postSolution
		SolutionGuid = {A8319762-55D4-41C8-980D-4B28C4E881E3}
	EndGlobalSection
EndGlobal
